
Microsoft Visual Studio Solution File, Format Version 12.00
# Visual Studio Version 17
VisualStudioVersion = 17.0.32112.339
MinimumVisualStudioVersion = 10.0.40219.1
Project("{9A19103F-16F7-4668-BE54-9A1E7A4F7556}") = "SeleniumAutotest", "SeleniumAutotest\SeleniumAutotest.csproj", "{57E58850-0168-471B-A93F-29DEF431AB58}"
EndProject
Global
	GlobalSection(SolutionConfigurationPlatforms) = preSolution
		Debug|Any CPU = Debug|Any CPU
		Release|Any CPU = Release|Any CPU
	EndGlobalSection
	GlobalSection(ProjectConfigurationPlatforms) = postSolution
		{57E58850-0168-471B-A93F-29DEF431AB58}.Debug|Any CPU.ActiveCfg = Debug|Any CPU
		{57E58850-0168-471B-A93F-29DEF431AB58}.Debug|Any CPU.Build.0 = Debug|Any CPU
		{57E58850-0168-471B-A93F-29DEF431AB58}.Release|Any CPU.ActiveCfg = Release|Any CPU
		{57E58850-0168-471B-A93F-29DEF431AB58}.Release|Any CPU.Build.0 = Release|Any CPU
	EndGlobalSection
	GlobalSection(SolutionProperties) = preSolution
		HideSolutionNode = FALSE
	EndGlobalSection
	GlobalSection(ExtensibilityGlobals) = postSolution
		SolutionGuid = {17AC6612-4B9F-40FD-9369-D06995A8CE53}
	EndGlobalSection
EndGlobal
